{
  "name": "ui-test-camera-mockup",
  "version": "0.1.0",
  "lockfileVersion": 3,
  "requires": true,
  "packages": {
    "": {
      "name": "ui-test-camera-mockup",
      "version": "0.1.0",
      "devDependencies": {
        "prettier": "^3.6.2",
        "typescript": "^5.8.3",
        "vite": "^6.3.5"
      }
    }
  }
}
